
Microsoft Visual Studio Solution File, Format Version 12.00
# Visual Studio Version 16
VisualStudioVersion = 16.0.29326.143
MinimumVisualStudioVersion = 10.0.40219.1
Project("{FAE04EC0-301F-11D3-BF4B-00C04F79EFBC}") = "SoDirtyWork", "SoDirtyWork.csproj", "{2F2663E6-6B43-4795-B725-CEED5FE4CA9A}"
EndProject
Global
	GlobalSection(SolutionConfigurationPlatforms) = preSolution
		Debug|Any CPU = Debug|Any CPU
		Release|Any CPU = Release|Any CPU
	EndGlobalSection
	GlobalSection(ProjectConfigurationPlatforms) = postSolution
		{2F2663E6-6B43-4795-B725-CEED5FE4CA9A}.Debug|Any CPU.ActiveCfg = Debug|Any CPU
		{2F2663E6-6B43-4795-B725-CEED5FE4CA9A}.Debug|Any CPU.Build.0 = Debug|Any CPU
		{2F2663E6-6B43-4795-B725-CEED5FE4CA9A}.Release|Any CPU.ActiveCfg = Release|Any CPU
		{2F2663E6-6B43-4795-B725-CEED5FE4CA9A}.Release|Any CPU.Build.0 = Release|Any CPU
	EndGlobalSection
	GlobalSection(SolutionProperties) = preSolution
		HideSolutionNode = FALSE
	EndGlobalSection
	GlobalSection(ExtensibilityGlobals) = postSolution
		SolutionGuid = {57B605A7-47D8-40A3-A07A-4D7040C4D228}
	EndGlobalSection
EndGlobal
